
Microsoft Visual Studio Solution File, Format Version 12.00
# Visual Studio Version 16
VisualStudioVersion = 16.0.29613.14
MinimumVisualStudioVersion = 10.0.40219.1
Project("{9A19103F-16F7-4668-BE54-9A1E7A4F7556}") = "Pomodedouche", "Pomodedouche.csproj", "{DC3F7AC5-8A9C-471D-90C0-77B33F94A1DF}"
EndProject
Project("{FAE04EC0-301F-11D3-BF4B-00C04F79EFBC}") = "PomoUnitTestProject1", "..\PomoUnitTestProject1\PomoUnitTestProject1.csproj", "{9EA6B395-DD27-4AB0-8E53-66421C19367A}"
EndProject
Global
	GlobalSection(SolutionConfigurationPlatforms) = preSolution
		Debug|Any CPU = Debug|Any CPU
		Release|Any CPU = Release|Any CPU
	EndGlobalSection
	GlobalSection(ProjectConfigurationPlatforms) = postSolution
		{DC3F7AC5-8A9C-471D-90C0-77B33F94A1DF}.Debug|Any CPU.ActiveCfg = Debug|Any CPU
		{DC3F7AC5-8A9C-471D-90C0-77B33F94A1DF}.Debug|Any CPU.Build.0 = Debug|Any CPU
		{DC3F7AC5-8A9C-471D-90C0-77B33F94A1DF}.Release|Any CPU.ActiveCfg = Release|Any CPU
		{DC3F7AC5-8A9C-471D-90C0-77B33F94A1DF}.Release|Any CPU.Build.0 = Release|Any CPU
		{9EA6B395-DD27-4AB0-8E53-66421C19367A}.Debug|Any CPU.ActiveCfg = Debug|Any CPU
		{9EA6B395-DD27-4AB0-8E53-66421C19367A}.Debug|Any CPU.Build.0 = Debug|Any CPU
		{9EA6B395-DD27-4AB0-8E53-66421C19367A}.Release|Any CPU.ActiveCfg = Release|Any CPU
		{9EA6B395-DD27-4AB0-8E53-66421C19367A}.Release|Any CPU.Build.0 = Release|Any CPU
	EndGlobalSection
	GlobalSection(SolutionProperties) = preSolution
		HideSolutionNode = FALSE
	EndGlobalSection
	GlobalSection(ExtensibilityGlobals) = postSolution
		SolutionGuid = {A61898C1-5E5F-4379-A74C-FD59BC4A2819}
	EndGlobalSection
EndGlobal
